# This file is autogenerated, do not edit; changes may be undone by the next 'dep ensure'.


[[projects]]
  branch = "master"
  name = "github.com/apcera/termtables"
  packages = [
    ".",
    "term"
  ]
  revision = "bcbc5dc54055d14996b256d348fb75cc6debe282"

[[projects]]
  name = "github.com/mattn/go-runewidth"
  packages = ["."]
  revision = "ce7b0b5c7b45a81508558cd1dba6bb1e4ddb51bb"
  version = "v0.0.3"

[[projects]]
  name = "github.com/spf13/pflag"
  packages = ["."]
  revision = "9a97c102cda95a86cec2345a6f09f55a939babf5"
  version = "v1.0.2"

[[projects]]
  name = "github.com/ttacon/chalk"
  packages = ["."]
  revision = "76b3c8b611dea8f83e49e9ce81fc2b189e0ef3d2"
  version = "v0.1"

[solve-meta]
  analyzer-name = "dep"
  analyzer-version = 1
  inputs-digest = "cc89e3fc8765369646fef1aa8a4baabb8dafe77aee8869c7deea1a3e694cb3fc"
  solver-name = "gps-cdcl"
  solver-version = 1
